
Microsoft Visual Studio Solution File, Format Version 12.00
# Visual Studio 15
VisualStudioVersion = 15.0.28307.421
MinimumVisualStudioVersion = 10.0.40219.1
Project("{F2A71F9B-5D33-465A-A702-920D77279786}") = "cs341proj5", "cs341proj5\cs341proj5.fsproj", "{882FA2D6-E0B5-4E0C-994E-32E02A84C573}"
EndProject
Global
	GlobalSection(SolutionConfigurationPlatforms) = preSolution
		Debug|Any CPU = Debug|Any CPU
		Release|Any CPU = Release|Any CPU
	EndGlobalSection
	GlobalSection(ProjectConfigurationPlatforms) = postSolution
		{882FA2D6-E0B5-4E0C-994E-32E02A84C573}.Debug|Any CPU.ActiveCfg = Debug|Any CPU
		{882FA2D6-E0B5-4E0C-994E-32E02A84C573}.Debug|Any CPU.Build.0 = Debug|Any CPU
		{882FA2D6-E0B5-4E0C-994E-32E02A84C573}.Release|Any CPU.ActiveCfg = Release|Any CPU
		{882FA2D6-E0B5-4E0C-994E-32E02A84C573}.Release|Any CPU.Build.0 = Release|Any CPU
	EndGlobalSection
	GlobalSection(SolutionProperties) = preSolution
		HideSolutionNode = FALSE
	EndGlobalSection
	GlobalSection(ExtensibilityGlobals) = postSolution
		SolutionGuid = {F0BBA24F-F979-4207-B2FE-F363714D303A}
	EndGlobalSection
EndGlobal
